
Microsoft Visual Studio Solution File, Format Version 12.00
Project("{FAE04EC0-301F-11D3-BF4B-00C04F79EFBC}") = "FizzBuzz", "FizzBuzz\FizzBuzz.csproj", "{BD723335-B8F4-45F6-8A8F-1CC501C469A5}"
EndProject
Global
	GlobalSection(SolutionConfigurationPlatforms) = preSolution
		Debug|Any CPU = Debug|Any CPU
		Release|Any CPU = Release|Any CPU
	EndGlobalSection
	GlobalSection(ProjectConfigurationPlatforms) = postSolution
		{BD723335-B8F4-45F6-8A8F-1CC501C469A5}.Debug|Any CPU.ActiveCfg = Debug|Any CPU
		{BD723335-B8F4-45F6-8A8F-1CC501C469A5}.Debug|Any CPU.Build.0 = Debug|Any CPU
		{BD723335-B8F4-45F6-8A8F-1CC501C469A5}.Release|Any CPU.ActiveCfg = Release|Any CPU
		{BD723335-B8F4-45F6-8A8F-1CC501C469A5}.Release|Any CPU.Build.0 = Release|Any CPU
	EndGlobalSection
EndGlobal
