
Microsoft Visual Studio Solution File, Format Version 12.00
Project("{FAE04EC0-301F-11D3-BF4B-00C04F79EFBC}") = "OlyaVsAyloPrinter", "OlyaVsAyloPrinter\OlyaVsAyloPrinter.csproj", "{FEA3DCB3-87D8-4D78-B0E1-62DA4A299041}"
EndProject
Global
	GlobalSection(SolutionConfigurationPlatforms) = preSolution
		Debug|Any CPU = Debug|Any CPU
		Release|Any CPU = Release|Any CPU
	EndGlobalSection
	GlobalSection(ProjectConfigurationPlatforms) = postSolution
		{FEA3DCB3-87D8-4D78-B0E1-62DA4A299041}.Debug|Any CPU.ActiveCfg = Debug|Any CPU
		{FEA3DCB3-87D8-4D78-B0E1-62DA4A299041}.Debug|Any CPU.Build.0 = Debug|Any CPU
		{FEA3DCB3-87D8-4D78-B0E1-62DA4A299041}.Release|Any CPU.ActiveCfg = Release|Any CPU
		{FEA3DCB3-87D8-4D78-B0E1-62DA4A299041}.Release|Any CPU.Build.0 = Release|Any CPU
	EndGlobalSection
EndGlobal
