
Microsoft Visual Studio Solution File, Format Version 12.00
Project("{FAE04EC0-301F-11D3-BF4B-00C04F79EFBC}") = "FullNamePrinter", "FullNamePrinter\FullNamePrinter.csproj", "{3FDC7EBA-A748-4381-AC8F-BEAF35B832F1}"
EndProject
Global
	GlobalSection(SolutionConfigurationPlatforms) = preSolution
		Debug|Any CPU = Debug|Any CPU
		Release|Any CPU = Release|Any CPU
	EndGlobalSection
	GlobalSection(ProjectConfigurationPlatforms) = postSolution
		{3FDC7EBA-A748-4381-AC8F-BEAF35B832F1}.Debug|Any CPU.ActiveCfg = Debug|Any CPU
		{3FDC7EBA-A748-4381-AC8F-BEAF35B832F1}.Debug|Any CPU.Build.0 = Debug|Any CPU
		{3FDC7EBA-A748-4381-AC8F-BEAF35B832F1}.Release|Any CPU.ActiveCfg = Release|Any CPU
		{3FDC7EBA-A748-4381-AC8F-BEAF35B832F1}.Release|Any CPU.Build.0 = Release|Any CPU
	EndGlobalSection
EndGlobal
