
Microsoft Visual Studio Solution File, Format Version 12.00
Project("{FAE04EC0-301F-11D3-BF4B-00C04F79EFBC}") = "DiagonalMatrix", "DiagonalMatrix\DiagonalMatrix.csproj", "{9F60F012-11D8-4B01-90C4-87468F421BE9}"
EndProject
Global
	GlobalSection(SolutionConfigurationPlatforms) = preSolution
		Debug|Any CPU = Debug|Any CPU
		Release|Any CPU = Release|Any CPU
	EndGlobalSection
	GlobalSection(ProjectConfigurationPlatforms) = postSolution
		{9F60F012-11D8-4B01-90C4-87468F421BE9}.Debug|Any CPU.ActiveCfg = Debug|Any CPU
		{9F60F012-11D8-4B01-90C4-87468F421BE9}.Debug|Any CPU.Build.0 = Debug|Any CPU
		{9F60F012-11D8-4B01-90C4-87468F421BE9}.Release|Any CPU.ActiveCfg = Release|Any CPU
		{9F60F012-11D8-4B01-90C4-87468F421BE9}.Release|Any CPU.Build.0 = Release|Any CPU
	EndGlobalSection
EndGlobal
